// !$*UTF8*$!
{
	archiveVersion = 1;
	classes = {
	};
	objectVersion = 50;
	objects = {

/* Begin PBXBuildFile section */
		371573BD2481F07C00BE78C2 /* AppDelegate.swift in Sources */ = {isa = PBXBuildFile; fileRef = 371573BC2481F07C00BE78C2 /* AppDelegate.swift */; };
		371573BF2481F07C00BE78C2 /* ViewController.swift in Sources */ = {isa = PBXBuildFile; fileRef = 371573BE2481F07C00BE78C2 /* ViewController.swift */; };
		371573C22481F07C00BE78C2 /* Main.storyboard in Resources */ = {isa = PBXBuildFile; fileRef = 371573C02481F07C00BE78C2 /* Main.storyboard */; };
		371573C42481F08900BE78C2 /* Assets.xcassets in Resources */ = {isa = PBXBuildFile; fileRef = 371573C32481F08900BE78C2 /* Assets.xcassets */; };
		371573C72481F08900BE78C2 /* LaunchScreen.storyboard in Resources */ = {isa = PBXBuildFile; fileRef = 371573C52481F08900BE78C2 /* LaunchScreen.storyboard */; };
/* End PBXBuildFile section */

/* Begin PBXFileReference section */
		371573B92481F07C00BE78C2 /* SuperSenha.app */ = {isa = PBXFileReference; explicitFileType = wrapper.application; includeInIndex = 0; path = SuperSenha.app; sourceTree = BUILT_PRODUCTS_DIR; };
		371573BC2481F07C00BE78C2 /* AppDelegate.swift */ = {isa = PBXFileReference; lastKnownFileType = sourcecode.swift; path = AppDelegate.swift; sourceTree = "<group>"; };
		371573BE2481F07C00BE78C2 /* ViewController.swift */ = {isa = PBXFileReference; lastKnownFileType = sourcecode.swift; path = ViewController.swift; sourceTree = "<group>"; };
		371573C12481F07C00BE78C2 /* Base */ = {isa = PBXFileReference; lastKnownFileType = file.storyboard; name = Base; path = Base.lproj/Main.storyboard; sourceTree = "<group>"; };
		371573C32481F08900BE78C2 /* Assets.xcassets */ = {isa = PBXFileReference; lastKnownFileType = folder.assetcatalog; path = Assets.xcassets; sourceTree = "<group>"; };
		371573C62481F08900BE78C2 /* Base */ = {isa = PBXFileReference; lastKnownFileType = file.storyboard; name = Base; path = Base.lproj/LaunchScreen.storyboard; sourceTree = "<group>"; };
		371573C82481F08900BE78C2 /* Info.plist */ = {isa = PBXFileReference; lastKnownFileType = text.plist.xml; path = Info.plist; sourceTree = "<group>"; };
/* End PBXFileReference section */

/* Begin PBXFrameworksBuildPhase section */
		371573B62481F07C00BE78C2 /* Frameworks */ = {
			isa = PBXFrameworksBuildPhase;
			buildActionMask = 2147483647;
			files = (
			);
			runOnlyForDeploymentPostprocessing = 0;
		};
/* End PBXFrameworksBuildPhase section */

/* Begin PBXGroup section */
		371573B02481F07C00BE78C2 = {
			isa = PBXGroup;
			children = (
				371573BB2481F07C00BE78C2 /* SuperSenha */,
				371573BA2481F07C00BE78C2 /* Products */,
			);
			sourceTree = "<group>";
		};
		371573BA2481F07C00BE78C2 /* Products */ = {
			isa = PBXGroup;
			children = (
				371573B92481F07C00BE78C2 /* SuperSenha.app */,
			);
			name = Products;
			sourceTree = "<group>";
		};
		371573BB2481F07C00BE78C2 /* SuperSenha */ = {
			isa = PBXGroup;
			children = (
				371573BC2481F07C00BE78C2 /* AppDelegate.swift */,
				371573BE2481F07C00BE78C2 /* ViewController.swift */,
				371573C02481F07C00BE78C2 /* Main.storyboard */,
				371573C32481F08900BE78C2 /* Assets.xcassets */,
				371573C52481F08900BE78C2 /* LaunchScreen.storyboard */,
				371573C82481F08900BE78C2 /* Info.plist */,
			);
			path = SuperSenha;
			sourceTree = "<group>";
		};
/* End PBXGroup section */

/* Begin PBXNativeTarget section */
		371573B82481F07C00BE78C2 /* SuperSenha */ = {
			isa = PBXNativeTarget;
			buildConfigurationList = 371573CB2481F08900BE78C2 /* Build configuration list for PBXNativeTarget "SuperSenha" */;
			buildPhases = (
				371573B52481F07C00BE78C2 /* Sources */,
				371573B62481F07C00BE78C2 /* Frameworks */,
				371573B72481F07C00BE78C2 /* Resources */,
			);
			buildRules = (
			);
			dependencies = (
			);
			name = SuperSenha;
			productName = SuperSenha;
			productReference = 371573B92481F07C00BE78C2 /* SuperSenha.app */;
			productType = "com.apple.product-type.application";
		};
/* End PBXNativeTarget section */

/* Begin PBXProject section */
		371573B12481F07C00BE78C2 /* Project object */ = {
			isa = PBXProject;
			attributes = {
				LastSwiftUpdateCheck = 1000;
				LastUpgradeCheck = 1000;
				ORGANIZATIONNAME = Tramalho;
				TargetAttributes = {
					371573B82481F07C00BE78C2 = {
						CreatedOnToolsVersion = 10.0;
					};
				};
			};
			buildConfigurationList = 371573B42481F07C00BE78C2 /* Build configuration list for PBXProject "SuperSenha" */;
			compatibilityVersion = "Xcode 9.3";
			developmentRegion = en;
			hasScannedForEncodings = 0;
			knownRegions = (
				en,
				Base,
			);
			mainGroup = 371573B02481F07C00BE78C2;
			productRefGroup = 371573BA2481F07C00BE78C2 /* Products */;
			projectDirPath = "";
			projectRoot = "";
			targets = (
				371573B82481F07C00BE78C2 /* SuperSenha */,
			);
		};
/* End PBXProject section */

/* Begin PBXResourcesBuildPhase section */
		371573B72481F07C00BE78C2 /* Resources */ = {
			isa = PBXResourcesBuildPhase;
			buildActionMask = 2147483647;
			files = (
				371573C72481F08900BE78C2 /* LaunchScreen.storyboard in Resources */,
				371573C42481F08900BE78C2 /* Assets.xcassets in Resources */,
				371573C22481F07C00BE78C2 /* Main.storyboard in Resources */,
			);
			runOnlyForDeploymentPostprocessing = 0;
		};
/* End PBXResourcesBuildPhase section */

/* Begin PBXSourcesBuildPhase section */
		371573B52481F07C00BE78C2 /* Sources */ = {
			isa = PBXSourcesBuildPhase;
			buildActionMask = 2147483647;
			files = (
				371573BF2481F07C00BE78C2 /* ViewController.swift in Sources */,
				371573BD2481F07C00BE78C2 /* AppDelegate.swift in Sources */,
			);
			runOnlyForDeploymentPostprocessing = 0;
		};
/* End PBXSourcesBuildPhase section */

/* Begin PBXVariantGroup section */
		371573C02481F07C00BE78C2 /* Main.storyboard */ = {
			isa = PBXVariantGroup;
			children = (
				371573C12481F07C00BE78C2 /* Base */,
			);
			name = Main.storyboard;
			sourceTree = "<group>";
		};
		371573C52481F08900BE78C2 /* LaunchScreen.storyboard */ = {
			isa = PBXVariantGroup;
			children = (
				371573C62481F08900BE78C2 /* Base */,
			);
			name = LaunchScreen.storyboard;
			sourceTree = "<group>";
		};
/* End PBXVariantGroup section */

/* Begin XCBuildConfiguration section */
		371573C92481F08900BE78C2 /* Debug */ = {
			isa = XCBuildConfiguration;
			buildSettings = {
				ALWAYS_SEARCH_USER_PATHS = NO;
				CLANG_ANALYZER_NONNULL = YES;
				CLANG_ANALYZER_NUMBER_OBJECT_CONVERSION = YES_AGGRESSIVE;
				CLANG_CXX_LANGUAGE_STANDARD = "gnu++14";
				CLANG_CXX_LIBRARY = "libc++";
				CLANG_ENABLE_MODULES = YES;
				CLANG_ENABLE_OBJC_ARC = YES;
				CLANG_ENABLE_OBJC_WEAK = YES;
				CLANG_WARN_BLOCK_CAPTURE_AUTORELEASING = YES;
				CLANG_WARN_BOOL_CONVERSION = YES;
				CLANG_WARN_COMMA = YES;
				CLANG_WARN_CONSTANT_CONVERSION = YES;
				CLANG_WARN_DEPRECATED_OBJC_IMPLEMENTATIONS = YES;
				CLANG_WARN_DIRECT_OBJC_ISA_USAGE = YES_ERROR;
				CLANG_WARN_DOCUMENTATION_COMMENTS = YES;
				CLANG_WARN_EMPTY_BODY = YES;
				CLANG_WARN_ENUM_CONVERSION = YES;
				CLANG_WARN_INFINITE_RECURSION = YES;
				CLANG_WARN_INT_CONVERSION = YES;
				CLANG_WARN_NON_LITERAL_NULL_CONVERSION = YES;
				CLANG_WARN_OBJC_IMPLICIT_RETAIN_SELF = YES;
				CLANG_WARN_OBJC_LITERAL_CONVERSION = YES;
				CLANG_WARN_OBJC_ROOT_CLASS = YES_ERROR;
				CLANG_WARN_RANGE_LOOP_ANALYSIS = YES;
				CLANG_WARN_STRICT_PROTOTYPES = YES;
				CLANG_WARN_SUSPICIOUS_MOVE = YES;
				CLANG_WARN_UNGUARDED_AVAILABILITY = YES_AGGRESSIVE;
				CLANG_WARN_UNREACHABLE_CODE = YES;
				CLANG_WARN__DUPLICATE_METHOD_MATCH = YES;
				CODE_SIGN_IDENTITY = "iPhone Developer";
				COPY_PHASE_STRIP = NO;
				DEBUG_INFORMATION_FORMAT = dwarf;
				ENABLE_STRICT_OBJC_MSGSEND = YES;
				ENABLE_TESTABILITY = YES;
				GCC_C_LANGUAGE_STANDARD = gnu11;
				GCC_DYNAMIC_NO_PIC = NO;
				GCC_NO_COMMON_BLOCKS = YES;
				GCC_OPTIMIZATION_LEVEL = 0;
				GCC_PREPROCESSOR_DEFINITIONS = (
					"DEBUG=1",
					"$(inherited)",
				);
				GCC_WARN_64_TO_32_BIT_CONVERSION = YES;
				GCC_WARN_ABOUT_RETURN_TYPE = YES_ERROR;
				GCC_WARN_UNDECLARED_SELECTOR = YES;
				GCC_WARN_UNINITIALIZED_AUTOS = YES_AGGRESSIVE;
				GCC_WARN_UNUSED_FUNCTION = YES;
				GCC_WARN_UNUSED_VARIABLE = YES;
				IPHONEOS_DEPLOYMENT_TARGET = 12.0;
				MTL_ENABLE_DEBUG_INFO = INCLUDE_SOURCE;
				MTL_FAST_MATH = YES;
				ONLY_ACTIVE_ARCH = YES;
				SDKROOT = iphoneos;
				SWIFT_ACTIVE_COMPILATION_CONDITIONS = DEBUG;
				SWIFT_OPTIMIZATION_LEVEL = "-Onone";
			};
			name = Debug;
		};
		371573CA2481F08900BE78C2 /* Release */ = {
			isa = XCBuildConfiguration;
			buildSettings = {
				ALWAYS_SEARCH_USER_PATHS = NO;
				CLANG_ANALYZER_NONNULL = YES;
				CLANG_ANALYZER_NUMBER_OBJECT_CONVERSION = YES_AGGRESSIVE;
				CLANG_CXX_LANGUAGE_STANDARD = "gnu++14";
				CLANG_CXX_LIBRARY = "libc++";
				CLANG_ENABLE_MODULES = YES;
				CLANG_ENABLE_OBJC_ARC = YES;
				CLANG_ENABLE_OBJC_WEAK = YES;
				CLANG_WARN_BLOCK_CAPTURE_AUTORELEASING = YES;
				CLANG_WARN_BOOL_CONVERSION = YES;
				CLANG_WARN_COMMA = YES;
				CLANG_WARN_CONSTANT_CONVERSION = YES;
				CLANG_WARN_DEPRECATED_OBJC_IMPLEMENTATIONS = YES;
				CLANG_WARN_DIRECT_OBJC_ISA_USAGE = YES_ERROR;
				CLANG_WARN_DOCUMENTATION_COMMENTS = YES;
				CLANG_WARN_EMPTY_BODY = YES;
				CLANG_WARN_ENUM_CONVERSION = YES;
				CLANG_WARN_INFINITE_RECURSION = YES;
				CLANG_WARN_INT_CONVERSION = YES;
				CLANG_WARN_NON_LITERAL_NULL_CONVERSION = YES;
				CLANG_WARN_OBJC_IMPLICIT_RETAIN_SELF = YES;
				CLANG_WARN_OBJC_LITERAL_CONVERSION = YES;
				CLANG_WARN_OBJC_ROOT_CLASS = YES_ERROR;
				CLANG_WARN_RANGE_LOOP_ANALYSIS = YES;
				CLANG_WARN_STRICT_PROTOTYPES = YES;
				CLANG_WARN_SUSPICIOUS_MOVE = YES;
				CLANG_WARN_UNGUARDED_AVAILABILITY = YES_AGGRESSIVE;
				CLANG_WARN_UNREACHABLE_CODE = YES;
				CLANG_WARN__DUPLICATE_METHOD_MATCH = YES;
				CODE_SIGN_IDENTITY = "iPhone Developer";
				COPY_PHASE_STRIP = NO;
				DEBUG_INFORMATION_FORMAT = "dwarf-with-dsym";
				ENABLE_NS_ASSERTIONS = NO;
				ENABLE_STRICT_OBJC_MSGSEND = YES;
				GCC_C_LANGUAGE_STANDARD = gnu11;
				GCC_NO_COMMON_BLOCKS = YES;
				GCC_WARN_64_TO_32_BIT_CONVERSION = YES;
				GCC_WARN_ABOUT_RETURN_TYPE = YES_ERROR;
				GCC_WARN_UNDECLARED_SELECTOR = YES;
				GCC_WARN_UNINITIALIZED_AUTOS = YES_AGGRESSIVE;
				GCC_WARN_UNUSED_FUNCTION = YES;
				GCC_WARN_UNUSED_VARIABLE = YES;
				IPHONEOS_DEPLOYMENT_TARGET = 12.0;
				MTL_ENABLE_DEBUG_INFO = NO;
				MTL_FAST_MATH = YES;
				SDKROOT = iphoneos;
				SWIFT_COMPILATION_MODE = wholemodule;
				SWIFT_OPTIMIZATION_LEVEL = "-O";
				VALIDATE_PRODUCT = YES;
			};
			name = Release;
		};
		371573CC2481F08900BE78C2 /* Debug */ = {
			isa = XCBuildConfiguration;
			buildSettings = {
				ASSETCATALOG_COMPILER_APPICON_NAME = AppIcon;
				CODE_SIGN_STYLE = Automatic;
				DEVELOPMENT_TEAM = G52UQ7CNCZ;
				INFOPLIST_FILE = SuperSenha/Info.plist;
				LD_RUNPATH_SEARCH_PATHS = (
					"$(inherited)",
					"@executable_path/Frameworks",
				);
				PRODUCT_BUNDLE_IDENTIFIER = br.com.tramalho.SuperSenha;
				PRODUCT_NAME = "$(TARGET_NAME)";
				SWIFT_VERSION = 4.2;
				TARGETED_DEVICE_FAMILY = "1,2";
			};
			name = Debug;
		};
		371573CD2481F08900BE78C2 /* Release */ = {
			isa = XCBuildConfiguration;
			buildSettings = {
				ASSETCATALOG_COMPILER_APPICON_NAME = AppIcon;
				CODE_SIGN_STYLE = Automatic;
				DEVELOPMENT_TEAM = G52UQ7CNCZ;
				INFOPLIST_FILE = SuperSenha/Info.plist;
				LD_RUNPATH_SEARCH_PATHS = (
					"$(inherited)",
					"@executable_path/Frameworks",
				);
				PRODUCT_BUNDLE_IDENTIFIER = br.com.tramalho.SuperSenha;
				PRODUCT_NAME = "$(TARGET_NAME)";
				SWIFT_VERSION = 4.2;
				TARGETED_DEVICE_FAMILY = "1,2";
			};
			name = Release;
		};
/* End XCBuildConfiguration section */

/* Begin XCConfigurationList section */
		371573B42481F07C00BE78C2 /* Build configuration list for PBXProject "SuperSenha" */ = {
			isa = XCConfigurationList;
			buildConfigurations = (
				371573C92481F08900BE78C2 /* Debug */,
				371573CA2481F08900BE78C2 /* Release */,
			);
			defaultConfigurationIsVisible = 0;
			defaultConfigurationName = Release;
		};
		371573CB2481F08900BE78C2 /* Build configuration list for PBXNativeTarget "SuperSenha" */ = {
			isa = XCConfigurationList;
			buildConfigurations = (
				371573CC2481F08900BE78C2 /* Debug */,
				371573CD2481F08900BE78C2 /* Release */,
			);
			defaultConfigurationIsVisible = 0;
			defaultConfigurationName = Release;
		};
/* End XCConfigurationList section */
	};
	rootObject = 371573B12481F07C00BE78C2 /* Project object */;
}
